
Microsoft Visual Studio Solution File, Format Version 12.00
# Visual Studio Version 17
VisualStudioVersion = 17.14.36408.4 d17.14
MinimumVisualStudioVersion = 10.0.40219.1
Project("{FAE04EC0-301F-11D3-BF4B-00C04F79EFBC}") = "ConsoleApp1", "ConsoleApp1.csproj", "{A0DEDBE6-2624-4C3F-A11B-CC5D77A9F543}"
EndProject
Global
	GlobalSection(SolutionConfigurationPlatforms) = preSolution
		Debug|Any CPU = Debug|Any CPU
		Release|Any CPU = Release|Any CPU
	EndGlobalSection
	GlobalSection(ProjectConfigurationPlatforms) = postSolution
		{A0DEDBE6-2624-4C3F-A11B-CC5D77A9F543}.Debug|Any CPU.ActiveCfg = Debug|Any CPU
		{A0DEDBE6-2624-4C3F-A11B-CC5D77A9F543}.Debug|Any CPU.Build.0 = Debug|Any CPU
		{A0DEDBE6-2624-4C3F-A11B-CC5D77A9F543}.Release|Any CPU.ActiveCfg = Release|Any CPU
		{A0DEDBE6-2624-4C3F-A11B-CC5D77A9F543}.Release|Any CPU.Build.0 = Release|Any CPU
	EndGlobalSection
	GlobalSection(SolutionProperties) = preSolution
		HideSolutionNode = FALSE
	EndGlobalSection
	GlobalSection(ExtensibilityGlobals) = postSolution
		SolutionGuid = {4FAF40BF-C94B-4500-AC2C-2C12494A6594}
	EndGlobalSection
EndGlobal
